
Microsoft Visual Studio Solution File, Format Version 12.00
# Visual Studio Version 16
VisualStudioVersion = 16.0.32228.343
MinimumVisualStudioVersion = 10.0.40219.1
Project("{9A19103F-16F7-4668-BE54-9A1E7A4F7556}") = "APBDProject.Server", "APBDProject\Server\APBDProject.Server.csproj", "{55CC144F-348A-4E3F-8EB2-0E1D97BDA552}"
EndProject
Project("{9A19103F-16F7-4668-BE54-9A1E7A4F7556}") = "APBDProject.Client", "APBDProject\Client\APBDProject.Client.csproj", "{65376F45-55D9-4CA7-8788-F78504301C6B}"
EndProject
Project("{9A19103F-16F7-4668-BE54-9A1E7A4F7556}") = "APBDProject.Shared", "APBDProject\Shared\APBDProject.Shared.csproj", "{3443B4E0-A131-45D3-B7DC-B2C2E10FEF5D}"
EndProject
Global
	GlobalSection(SolutionConfigurationPlatforms) = preSolution
		Debug|Any CPU = Debug|Any CPU
		Release|Any CPU = Release|Any CPU
	EndGlobalSection
	GlobalSection(ProjectConfigurationPlatforms) = postSolution
		{55CC144F-348A-4E3F-8EB2-0E1D97BDA552}.Debug|Any CPU.ActiveCfg = Debug|Any CPU
		{55CC144F-348A-4E3F-8EB2-0E1D97BDA552}.Debug|Any CPU.Build.0 = Debug|Any CPU
		{55CC144F-348A-4E3F-8EB2-0E1D97BDA552}.Release|Any CPU.ActiveCfg = Release|Any CPU
		{55CC144F-348A-4E3F-8EB2-0E1D97BDA552}.Release|Any CPU.Build.0 = Release|Any CPU
		{65376F45-55D9-4CA7-8788-F78504301C6B}.Debug|Any CPU.ActiveCfg = Debug|Any CPU
		{65376F45-55D9-4CA7-8788-F78504301C6B}.Debug|Any CPU.Build.0 = Debug|Any CPU
		{65376F45-55D9-4CA7-8788-F78504301C6B}.Release|Any CPU.ActiveCfg = Release|Any CPU
		{65376F45-55D9-4CA7-8788-F78504301C6B}.Release|Any CPU.Build.0 = Release|Any CPU
		{3443B4E0-A131-45D3-B7DC-B2C2E10FEF5D}.Debug|Any CPU.ActiveCfg = Debug|Any CPU
		{3443B4E0-A131-45D3-B7DC-B2C2E10FEF5D}.Debug|Any CPU.Build.0 = Debug|Any CPU
		{3443B4E0-A131-45D3-B7DC-B2C2E10FEF5D}.Release|Any CPU.ActiveCfg = Release|Any CPU
		{3443B4E0-A131-45D3-B7DC-B2C2E10FEF5D}.Release|Any CPU.Build.0 = Release|Any CPU
	EndGlobalSection
	GlobalSection(SolutionProperties) = preSolution
		HideSolutionNode = FALSE
	EndGlobalSection
	GlobalSection(ExtensibilityGlobals) = postSolution
		SolutionGuid = {B42718FC-447E-4832-8186-232056432E7A}
	EndGlobalSection
EndGlobal
